
Microsoft Visual Studio Solution File, Format Version 12.00
# Visual Studio 15
VisualStudioVersion = 15.0.27004.2008
MinimumVisualStudioVersion = 10.0.40219.1
Project("{9A19103F-16F7-4668-BE54-9A1E7A4F7556}") = "LoginWeb", "LoginWeb\LoginWeb.csproj", "{9C9B233F-9BBA-48D1-ABA3-9C7888B9A286}"
EndProject
Project("{FAE04EC0-301F-11D3-BF4B-00C04F79EFBC}") = "Client", "Client\Client.csproj", "{68AF15E2-0C51-449A-8DBA-263A1B45189F}"
EndProject
Project("{9A19103F-16F7-4668-BE54-9A1E7A4F7556}") = "WebClient", "WebClient\WebClient.csproj", "{5AA577A2-96B4-4E2C-9C62-2BA73050A885}"
EndProject
Global
	GlobalSection(SolutionConfigurationPlatforms) = preSolution
		Debug|Any CPU = Debug|Any CPU
		Release|Any CPU = Release|Any CPU
	EndGlobalSection
	GlobalSection(ProjectConfigurationPlatforms) = postSolution
		{9C9B233F-9BBA-48D1-ABA3-9C7888B9A286}.Debug|Any CPU.ActiveCfg = Debug|Any CPU
		{9C9B233F-9BBA-48D1-ABA3-9C7888B9A286}.Debug|Any CPU.Build.0 = Debug|Any CPU
		{9C9B233F-9BBA-48D1-ABA3-9C7888B9A286}.Release|Any CPU.ActiveCfg = Release|Any CPU
		{9C9B233F-9BBA-48D1-ABA3-9C7888B9A286}.Release|Any CPU.Build.0 = Release|Any CPU
		{68AF15E2-0C51-449A-8DBA-263A1B45189F}.Debug|Any CPU.ActiveCfg = Debug|Any CPU
		{68AF15E2-0C51-449A-8DBA-263A1B45189F}.Debug|Any CPU.Build.0 = Debug|Any CPU
		{68AF15E2-0C51-449A-8DBA-263A1B45189F}.Release|Any CPU.ActiveCfg = Release|Any CPU
		{68AF15E2-0C51-449A-8DBA-263A1B45189F}.Release|Any CPU.Build.0 = Release|Any CPU
		{5AA577A2-96B4-4E2C-9C62-2BA73050A885}.Debug|Any CPU.ActiveCfg = Debug|Any CPU
		{5AA577A2-96B4-4E2C-9C62-2BA73050A885}.Debug|Any CPU.Build.0 = Debug|Any CPU
		{5AA577A2-96B4-4E2C-9C62-2BA73050A885}.Release|Any CPU.ActiveCfg = Release|Any CPU
		{5AA577A2-96B4-4E2C-9C62-2BA73050A885}.Release|Any CPU.Build.0 = Release|Any CPU
	EndGlobalSection
	GlobalSection(SolutionProperties) = preSolution
		HideSolutionNode = FALSE
	EndGlobalSection
	GlobalSection(ExtensibilityGlobals) = postSolution
		SolutionGuid = {A9DFD652-322A-4564-9563-84B5DD2683D8}
	EndGlobalSection
EndGlobal
